{
  "name": "example-global-id-validator",
  "version": "1.0.0",
  "lockfileVersion": 3,
  "requires": true,
  "packages": {
    "": {
      "name": "example-global-id-validator",
      "version": "1.0.0",
      "license": "ISC",
      "dependencies": {
        "global-id-validator": "^1.0.1"
      }
    },
    "node_modules/global-id-validator": {
      "version": "1.0.1",
      "resolved": "https://registry.npmjs.org/global-id-validator/-/global-id-validator-1.0.1.tgz",
      "integrity": "sha512-fnXvvyRnN3mQ9VzMp1bq5O/Hnrp8cb1YBxobWDfiKV2/+V2bRDj41zwINBHH/oWJWX76FnagIeoGz7jdlQk5xA=="
    }
  }
}
